
Microsoft Visual Studio Solution File, Format Version 12.00
# Visual Studio 15
VisualStudioVersion = 15.0.27130.2010
MinimumVisualStudioVersion = 10.0.40219.1
Project("{888888A0-9F3D-457C-B088-3A5042F75D52}") = "pomelo-predictor", "pomelo-predictor\pomelo-predictor.pyproj", "{37A65C6F-6888-44BC-ADDE-E15916FD9405}"
EndProject
Global
	GlobalSection(SolutionConfigurationPlatforms) = preSolution
		Debug|Any CPU = Debug|Any CPU
		Release|Any CPU = Release|Any CPU
	EndGlobalSection
	GlobalSection(ProjectConfigurationPlatforms) = postSolution
		{37A65C6F-6888-44BC-ADDE-E15916FD9405}.Debug|Any CPU.ActiveCfg = Debug|Any CPU
		{37A65C6F-6888-44BC-ADDE-E15916FD9405}.Release|Any CPU.ActiveCfg = Release|Any CPU
	EndGlobalSection
	GlobalSection(SolutionProperties) = preSolution
		HideSolutionNode = FALSE
	EndGlobalSection
	GlobalSection(ExtensibilityGlobals) = postSolution
		SolutionGuid = {61D0C92A-C4F1-427E-AF03-5CE8FC3038A9}
	EndGlobalSection
EndGlobal
